// !$*UTF8*$!
{
	archiveVersion = 1;
	classes = {
	};
	objectVersion = 50;
	objects = {

/* Begin PBXBuildFile section */
		9503167B2726CCE000D66AA8 /* Main.storyboard in Resources */ = {isa = PBXBuildFile; fileRef = 955CD956271DD51B0041BA21 /* Main.storyboard */; };
		9503167E2726FE7E00D66AA8 /* IconView.swift in Sources */ = {isa = PBXBuildFile; fileRef = 9503167D2726FE7E00D66AA8 /* IconView.swift */; };
		955CD951271DD51B0041BA21 /* AppDelegate.swift in Sources */ = {isa = PBXBuildFile; fileRef = 955CD950271DD51B0041BA21 /* AppDelegate.swift */; };
		955CD953271DD51B0041BA21 /* SceneDelegate.swift in Sources */ = {isa = PBXBuildFile; fileRef = 955CD952271DD51B0041BA21 /* SceneDelegate.swift */; };
		955CD955271DD51B0041BA21 /* ProductsViewController.swift in Sources */ = {isa = PBXBuildFile; fileRef = 955CD954271DD51B0041BA21 /* ProductsViewController.swift */; };
		955CD95A271DD51D0041BA21 /* Assets.xcassets in Resources */ = {isa = PBXBuildFile; fileRef = 955CD959271DD51D0041BA21 /* Assets.xcassets */; };
		955CD95D271DD51D0041BA21 /* LaunchScreen.storyboard in Resources */ = {isa = PBXBuildFile; fileRef = 955CD95B271DD51D0041BA21 /* LaunchScreen.storyboard */; };
		955CD96C271DDA2B0041BA21 /* ProductCell.swift in Sources */ = {isa = PBXBuildFile; fileRef = 955CD96A271DDA2B0041BA21 /* ProductCell.swift */; };
		955CD96D271DDA2B0041BA21 /* ProductCell.xib in Resources */ = {isa = PBXBuildFile; fileRef = 955CD96B271DDA2B0041BA21 /* ProductCell.xib */; };
		95A882C027284CD100F53069 /* ProductInfoCell.swift in Sources */ = {isa = PBXBuildFile; fileRef = 95A882BF27284CD100F53069 /* ProductInfoCell.swift */; };
		95A882C327284CDF00F53069 /* ProductInfoCell.xib in Resources */ = {isa = PBXBuildFile; fileRef = 95A882C227284CDF00F53069 /* ProductInfoCell.xib */; };
		95A882C627284D1A00F53069 /* SelectedProductViewController.swift in Sources */ = {isa = PBXBuildFile; fileRef = 95A882C527284D1A00F53069 /* SelectedProductViewController.swift */; };
		95ABDB492720A42D0047B866 /* ProductData.swift in Sources */ = {isa = PBXBuildFile; fileRef = 95ABDB482720A42D0047B866 /* ProductData.swift */; };
		95ABDB592720B2F30047B866 /* NetworkError.swift in Sources */ = {isa = PBXBuildFile; fileRef = 95ABDB582720B2F30047B866 /* NetworkError.swift */; };
		95ABDB602721BD9A0047B866 /* ViewPresenter.swift in Sources */ = {isa = PBXBuildFile; fileRef = 95ABDB5F2721BD9A0047B866 /* ViewPresenter.swift */; };
		95ABDB632721BDB70047B866 /* NetworkService.swift in Sources */ = {isa = PBXBuildFile; fileRef = 95ABDB622721BDB70047B866 /* NetworkService.swift */; };
		95ABDB672721BE8A0047B866 /* HTPPURLResponse+Extensions.swift in Sources */ = {isa = PBXBuildFile; fileRef = 95ABDB662721BE8A0047B866 /* HTPPURLResponse+Extensions.swift */; };
		95F6DD8C27207C290063FBBA /* OpenSans-Light.ttf in Resources */ = {isa = PBXBuildFile; fileRef = 95F6DD8727207C280063FBBA /* OpenSans-Light.ttf */; };
		95F6DD8D27207C290063FBBA /* OpenSans-SemiBoldItalic.ttf in Resources */ = {isa = PBXBuildFile; fileRef = 95F6DD8827207C280063FBBA /* OpenSans-SemiBoldItalic.ttf */; };
		95F6DD8E27207C290063FBBA /* OpenSans-SemiBold.ttf in Resources */ = {isa = PBXBuildFile; fileRef = 95F6DD8927207C290063FBBA /* OpenSans-SemiBold.ttf */; };
		95F6DD8F27207C290063FBBA /* OpenSans-LightItalic.ttf in Resources */ = {isa = PBXBuildFile; fileRef = 95F6DD8A27207C290063FBBA /* OpenSans-LightItalic.ttf */; };
		95F6DD9027207C290063FBBA /* OpenSans-Regular.ttf in Resources */ = {isa = PBXBuildFile; fileRef = 95F6DD8B27207C290063FBBA /* OpenSans-Regular.ttf */; };
/* End PBXBuildFile section */

/* Begin PBXFileReference section */
		9503167D2726FE7E00D66AA8 /* IconView.swift */ = {isa = PBXFileReference; lastKnownFileType = sourcecode.swift; path = IconView.swift; sourceTree = "<group>"; };
		955CD94D271DD51B0041BA21 /* EBSInternshipApp.app */ = {isa = PBXFileReference; explicitFileType = wrapper.application; includeInIndex = 0; path = EBSInternshipApp.app; sourceTree = BUILT_PRODUCTS_DIR; };
		955CD950271DD51B0041BA21 /* AppDelegate.swift */ = {isa = PBXFileReference; lastKnownFileType = sourcecode.swift; path = AppDelegate.swift; sourceTree = "<group>"; };
		955CD952271DD51B0041BA21 /* SceneDelegate.swift */ = {isa = PBXFileReference; lastKnownFileType = sourcecode.swift; path = SceneDelegate.swift; sourceTree = "<group>"; };
		955CD954271DD51B0041BA21 /* ProductsViewController.swift */ = {isa = PBXFileReference; lastKnownFileType = sourcecode.swift; path = ProductsViewController.swift; sourceTree = "<group>"; };
		955CD957271DD51B0041BA21 /* Base */ = {isa = PBXFileReference; lastKnownFileType = file.storyboard; name = Base; path = Base.lproj/Main.storyboard; sourceTree = "<group>"; };
		955CD959271DD51D0041BA21 /* Assets.xcassets */ = {isa = PBXFileReference; lastKnownFileType = folder.assetcatalog; path = Assets.xcassets; sourceTree = "<group>"; };
		955CD95C271DD51D0041BA21 /* Base */ = {isa = PBXFileReference; lastKnownFileType = file.storyboard; name = Base; path = Base.lproj/LaunchScreen.storyboard; sourceTree = "<group>"; };
		955CD95E271DD51D0041BA21 /* Info.plist */ = {isa = PBXFileReference; lastKnownFileType = text.plist.xml; path = Info.plist; sourceTree = "<group>"; };
		955CD96A271DDA2B0041BA21 /* ProductCell.swift */ = {isa = PBXFileReference; lastKnownFileType = sourcecode.swift; path = ProductCell.swift; sourceTree = "<group>"; };
		955CD96B271DDA2B0041BA21 /* ProductCell.xib */ = {isa = PBXFileReference; lastKnownFileType = file.xib; path = ProductCell.xib; sourceTree = "<group>"; };
		95A882BF27284CD100F53069 /* ProductInfoCell.swift */ = {isa = PBXFileReference; lastKnownFileType = sourcecode.swift; path = ProductInfoCell.swift; sourceTree = "<group>"; };
		95A882C227284CDF00F53069 /* ProductInfoCell.xib */ = {isa = PBXFileReference; lastKnownFileType = file.xib; path = ProductInfoCell.xib; sourceTree = "<group>"; };
		95A882C527284D1A00F53069 /* SelectedProductViewController.swift */ = {isa = PBXFileReference; lastKnownFileType = sourcecode.swift; path = SelectedProductViewController.swift; sourceTree = "<group>"; };
		95ABDB482720A42D0047B866 /* ProductData.swift */ = {isa = PBXFileReference; lastKnownFileType = sourcecode.swift; path = ProductData.swift; sourceTree = "<group>"; };
		95ABDB582720B2F30047B866 /* NetworkError.swift */ = {isa = PBXFileReference; lastKnownFileType = sourcecode.swift; path = NetworkError.swift; sourceTree = "<group>"; };
		95ABDB5F2721BD9A0047B866 /* ViewPresenter.swift */ = {isa = PBXFileReference; lastKnownFileType = sourcecode.swift; path = ViewPresenter.swift; sourceTree = "<group>"; };
		95ABDB622721BDB70047B866 /* NetworkService.swift */ = {isa = PBXFileReference; lastKnownFileType = sourcecode.swift; path = NetworkService.swift; sourceTree = "<group>"; };
		95ABDB662721BE8A0047B866 /* HTPPURLResponse+Extensions.swift */ = {isa = PBXFileReference; lastKnownFileType = sourcecode.swift; path = "HTPPURLResponse+Extensions.swift"; sourceTree = "<group>"; };
		95F6DD8727207C280063FBBA /* OpenSans-Light.ttf */ = {isa = PBXFileReference; lastKnownFileType = file; path = "OpenSans-Light.ttf"; sourceTree = "<group>"; };
		95F6DD8827207C280063FBBA /* OpenSans-SemiBoldItalic.ttf */ = {isa = PBXFileReference; lastKnownFileType = file; path = "OpenSans-SemiBoldItalic.ttf"; sourceTree = "<group>"; };
		95F6DD8927207C290063FBBA /* OpenSans-SemiBold.ttf */ = {isa = PBXFileReference; lastKnownFileType = file; path = "OpenSans-SemiBold.ttf"; sourceTree = "<group>"; };
		95F6DD8A27207C290063FBBA /* OpenSans-LightItalic.ttf */ = {isa = PBXFileReference; lastKnownFileType = file; path = "OpenSans-LightItalic.ttf"; sourceTree = "<group>"; };
		95F6DD8B27207C290063FBBA /* OpenSans-Regular.ttf */ = {isa = PBXFileReference; lastKnownFileType = file; path = "OpenSans-Regular.ttf"; sourceTree = "<group>"; };
/* End PBXFileReference section */

/* Begin PBXFrameworksBuildPhase section */
		955CD94A271DD51B0041BA21 /* Frameworks */ = {
			isa = PBXFrameworksBuildPhase;
			buildActionMask = 2147483647;
			files = (
			);
			runOnlyForDeploymentPostprocessing = 0;
		};
/* End PBXFrameworksBuildPhase section */

/* Begin PBXGroup section */
		951B99E42729AEF800EAA49B /* Presenter */ = {
			isa = PBXGroup;
			children = (
				95ABDB5F2721BD9A0047B866 /* ViewPresenter.swift */,
			);
			path = Presenter;
			sourceTree = "<group>";
		};
		952AE4C3271F2E6D0040B543 /* App */ = {
			isa = PBXGroup;
			children = (
				955CD950271DD51B0041BA21 /* AppDelegate.swift */,
				955CD952271DD51B0041BA21 /* SceneDelegate.swift */,
			);
			path = App;
			sourceTree = "<group>";
		};
		95558C75272076FA0005000D /* Resources */ = {
			isa = PBXGroup;
			children = (
				95F6DD8727207C280063FBBA /* OpenSans-Light.ttf */,
				95F6DD8A27207C290063FBBA /* OpenSans-LightItalic.ttf */,
				95F6DD8B27207C290063FBBA /* OpenSans-Regular.ttf */,
				95F6DD8927207C290063FBBA /* OpenSans-SemiBold.ttf */,
				95F6DD8827207C280063FBBA /* OpenSans-SemiBoldItalic.ttf */,
			);
			path = Resources;
			sourceTree = "<group>";
		};
		955CD944271DD51B0041BA21 = {
			isa = PBXGroup;
			children = (
				955CD94F271DD51B0041BA21 /* EBSInternshipApp */,
				955CD94E271DD51B0041BA21 /* Products */,
				95558C75272076FA0005000D /* Resources */,
				955CD959271DD51D0041BA21 /* Assets.xcassets */,
			);
			sourceTree = "<group>";
		};
		955CD94E271DD51B0041BA21 /* Products */ = {
			isa = PBXGroup;
			children = (
				955CD94D271DD51B0041BA21 /* EBSInternshipApp.app */,
			);
			name = Products;
			sourceTree = "<group>";
		};
		955CD94F271DD51B0041BA21 /* EBSInternshipApp */ = {
			isa = PBXGroup;
			children = (
				952AE4C3271F2E6D0040B543 /* App */,
				95F32B992729A1B500CAA9F8 /* Controller */,
				95ABDB4B2720A4320047B866 /* Model */,
				95ABDB692721BEB30047B866 /* Network */,
				95ABDB562720B1B20047B866 /* View */,
				951B99E42729AEF800EAA49B /* Presenter */,
				95ABDB652721BE6A0047B866 /* Extensions */,
				955CD95E271DD51D0041BA21 /* Info.plist */,
			);
			path = EBSInternshipApp;
			sourceTree = "<group>";
		};
		95ABDB4B2720A4320047B866 /* Model */ = {
			isa = PBXGroup;
			children = (
				95ABDB482720A42D0047B866 /* ProductData.swift */,
				95ABDB582720B2F30047B866 /* NetworkError.swift */,
			);
			path = Model;
			sourceTree = "<group>";
		};
		95ABDB562720B1B20047B866 /* View */ = {
			isa = PBXGroup;
			children = (
				955CD96B271DDA2B0041BA21 /* ProductCell.xib */,
				955CD96A271DDA2B0041BA21 /* ProductCell.swift */,
				955CD956271DD51B0041BA21 /* Main.storyboard */,
				95A882BF27284CD100F53069 /* ProductInfoCell.swift */,
				95A882C227284CDF00F53069 /* ProductInfoCell.xib */,
				955CD95B271DD51D0041BA21 /* LaunchScreen.storyboard */,
				9503167D2726FE7E00D66AA8 /* IconView.swift */,
			);
			path = View;
			sourceTree = "<group>";
		};
		95ABDB652721BE6A0047B866 /* Extensions */ = {
			isa = PBXGroup;
			children = (
				95ABDB662721BE8A0047B866 /* HTPPURLResponse+Extensions.swift */,
			);
			path = Extensions;
			sourceTree = "<group>";
		};
		95ABDB692721BEB30047B866 /* Network */ = {
			isa = PBXGroup;
			children = (
				95ABDB622721BDB70047B866 /* NetworkService.swift */,
			);
			path = Network;
			sourceTree = "<group>";
		};
		95F32B992729A1B500CAA9F8 /* Controller */ = {
			isa = PBXGroup;
			children = (
				95A882C527284D1A00F53069 /* SelectedProductViewController.swift */,
				955CD954271DD51B0041BA21 /* ProductsViewController.swift */,
			);
			path = Controller;
			sourceTree = "<group>";
		};
/* End PBXGroup section */

/* Begin PBXNativeTarget section */
		955CD94C271DD51B0041BA21 /* EBSInternshipApp */ = {
			isa = PBXNativeTarget;
			buildConfigurationList = 955CD961271DD51D0041BA21 /* Build configuration list for PBXNativeTarget "EBSInternshipApp" */;
			buildPhases = (
				955CD949271DD51B0041BA21 /* Sources */,
				955CD94A271DD51B0041BA21 /* Frameworks */,
				955CD94B271DD51B0041BA21 /* Resources */,
			);
			buildRules = (
			);
			dependencies = (
			);
			name = EBSInternshipApp;
			productName = EBSInternshipApp;
			productReference = 955CD94D271DD51B0041BA21 /* EBSInternshipApp.app */;
			productType = "com.apple.product-type.application";
		};
/* End PBXNativeTarget section */

/* Begin PBXProject section */
		955CD945271DD51B0041BA21 /* Project object */ = {
			isa = PBXProject;
			attributes = {
				LastSwiftUpdateCheck = 1240;
				LastUpgradeCheck = 1240;
				TargetAttributes = {
					955CD94C271DD51B0041BA21 = {
						CreatedOnToolsVersion = 12.4;
					};
				};
			};
			buildConfigurationList = 955CD948271DD51B0041BA21 /* Build configuration list for PBXProject "EBSInternshipApp" */;
			compatibilityVersion = "Xcode 9.3";
			developmentRegion = en;
			hasScannedForEncodings = 0;
			knownRegions = (
				en,
				Base,
			);
			mainGroup = 955CD944271DD51B0041BA21;
			productRefGroup = 955CD94E271DD51B0041BA21 /* Products */;
			projectDirPath = "";
			projectRoot = "";
			targets = (
				955CD94C271DD51B0041BA21 /* EBSInternshipApp */,
			);
		};
/* End PBXProject section */

/* Begin PBXResourcesBuildPhase section */
		955CD94B271DD51B0041BA21 /* Resources */ = {
			isa = PBXResourcesBuildPhase;
			buildActionMask = 2147483647;
			files = (
				95F6DD8D27207C290063FBBA /* OpenSans-SemiBoldItalic.ttf in Resources */,
				955CD95D271DD51D0041BA21 /* LaunchScreen.storyboard in Resources */,
				95F6DD8E27207C290063FBBA /* OpenSans-SemiBold.ttf in Resources */,
				955CD96D271DDA2B0041BA21 /* ProductCell.xib in Resources */,
				955CD95A271DD51D0041BA21 /* Assets.xcassets in Resources */,
				95F6DD8C27207C290063FBBA /* OpenSans-Light.ttf in Resources */,
				9503167B2726CCE000D66AA8 /* Main.storyboard in Resources */,
				95A882C327284CDF00F53069 /* ProductInfoCell.xib in Resources */,
				95F6DD8F27207C290063FBBA /* OpenSans-LightItalic.ttf in Resources */,
				95F6DD9027207C290063FBBA /* OpenSans-Regular.ttf in Resources */,
			);
			runOnlyForDeploymentPostprocessing = 0;
		};
/* End PBXResourcesBuildPhase section */

/* Begin PBXSourcesBuildPhase section */
		955CD949271DD51B0041BA21 /* Sources */ = {
			isa = PBXSourcesBuildPhase;
			buildActionMask = 2147483647;
			files = (
				95A882C627284D1A00F53069 /* SelectedProductViewController.swift in Sources */,
				955CD955271DD51B0041BA21 /* ProductsViewController.swift in Sources */,
				95ABDB672721BE8A0047B866 /* HTPPURLResponse+Extensions.swift in Sources */,
				95ABDB592720B2F30047B866 /* NetworkError.swift in Sources */,
				95ABDB632721BDB70047B866 /* NetworkService.swift in Sources */,
				95ABDB602721BD9A0047B866 /* ViewPresenter.swift in Sources */,
				9503167E2726FE7E00D66AA8 /* IconView.swift in Sources */,
				955CD96C271DDA2B0041BA21 /* ProductCell.swift in Sources */,
				955CD951271DD51B0041BA21 /* AppDelegate.swift in Sources */,
				955CD953271DD51B0041BA21 /* SceneDelegate.swift in Sources */,
				95ABDB492720A42D0047B866 /* ProductData.swift in Sources */,
				95A882C027284CD100F53069 /* ProductInfoCell.swift in Sources */,
			);
			runOnlyForDeploymentPostprocessing = 0;
		};
/* End PBXSourcesBuildPhase section */

/* Begin PBXVariantGroup section */
		955CD956271DD51B0041BA21 /* Main.storyboard */ = {
			isa = PBXVariantGroup;
			children = (
				955CD957271DD51B0041BA21 /* Base */,
			);
			name = Main.storyboard;
			sourceTree = "<group>";
		};
		955CD95B271DD51D0041BA21 /* LaunchScreen.storyboard */ = {
			isa = PBXVariantGroup;
			children = (
				955CD95C271DD51D0041BA21 /* Base */,
			);
			name = LaunchScreen.storyboard;
			sourceTree = "<group>";
		};
/* End PBXVariantGroup section */

/* Begin XCBuildConfiguration section */
		955CD95F271DD51D0041BA21 /* Debug */ = {
			isa = XCBuildConfiguration;
			buildSettings = {
				ALWAYS_SEARCH_USER_PATHS = NO;
				CLANG_ANALYZER_NONNULL = YES;
				CLANG_ANALYZER_NUMBER_OBJECT_CONVERSION = YES_AGGRESSIVE;
				CLANG_CXX_LANGUAGE_STANDARD = "gnu++14";
				CLANG_CXX_LIBRARY = "libc++";
				CLANG_ENABLE_MODULES = YES;
				CLANG_ENABLE_OBJC_ARC = YES;
				CLANG_ENABLE_OBJC_WEAK = YES;
				CLANG_WARN_BLOCK_CAPTURE_AUTORELEASING = YES;
				CLANG_WARN_BOOL_CONVERSION = YES;
				CLANG_WARN_COMMA = YES;
				CLANG_WARN_CONSTANT_CONVERSION = YES;
				CLANG_WARN_DEPRECATED_OBJC_IMPLEMENTATIONS = YES;
				CLANG_WARN_DIRECT_OBJC_ISA_USAGE = YES_ERROR;
				CLANG_WARN_DOCUMENTATION_COMMENTS = YES;
				CLANG_WARN_EMPTY_BODY = YES;
				CLANG_WARN_ENUM_CONVERSION = YES;
				CLANG_WARN_INFINITE_RECURSION = YES;
				CLANG_WARN_INT_CONVERSION = YES;
				CLANG_WARN_NON_LITERAL_NULL_CONVERSION = YES;
				CLANG_WARN_OBJC_IMPLICIT_RETAIN_SELF = YES;
				CLANG_WARN_OBJC_LITERAL_CONVERSION = YES;
				CLANG_WARN_OBJC_ROOT_CLASS = YES_ERROR;
				CLANG_WARN_QUOTED_INCLUDE_IN_FRAMEWORK_HEADER = YES;
				CLANG_WARN_RANGE_LOOP_ANALYSIS = YES;
				CLANG_WARN_STRICT_PROTOTYPES = YES;
				CLANG_WARN_SUSPICIOUS_MOVE = YES;
				CLANG_WARN_UNGUARDED_AVAILABILITY = YES_AGGRESSIVE;
				CLANG_WARN_UNREACHABLE_CODE = YES;
				CLANG_WARN__DUPLICATE_METHOD_MATCH = YES;
				COPY_PHASE_STRIP = NO;
				DEBUG_INFORMATION_FORMAT = dwarf;
				ENABLE_STRICT_OBJC_MSGSEND = YES;
				ENABLE_TESTABILITY = YES;
				GCC_C_LANGUAGE_STANDARD = gnu11;
				GCC_DYNAMIC_NO_PIC = NO;
				GCC_NO_COMMON_BLOCKS = YES;
				GCC_OPTIMIZATION_LEVEL = 0;
				GCC_PREPROCESSOR_DEFINITIONS = (
					"DEBUG=1",
					"$(inherited)",
				);
				GCC_WARN_64_TO_32_BIT_CONVERSION = YES;
				GCC_WARN_ABOUT_RETURN_TYPE = YES_ERROR;
				GCC_WARN_UNDECLARED_SELECTOR = YES;
				GCC_WARN_UNINITIALIZED_AUTOS = YES_AGGRESSIVE;
				GCC_WARN_UNUSED_FUNCTION = YES;
				GCC_WARN_UNUSED_VARIABLE = YES;
				INFOPLIST_FILE = EBSInternshipApp/Info.plist;
				IPHONEOS_DEPLOYMENT_TARGET = 14.4;
				MTL_ENABLE_DEBUG_INFO = INCLUDE_SOURCE;
				MTL_FAST_MATH = YES;
				ONLY_ACTIVE_ARCH = YES;
				SDKROOT = iphoneos;
				SWIFT_ACTIVE_COMPILATION_CONDITIONS = DEBUG;
				SWIFT_OPTIMIZATION_LEVEL = "-Onone";
			};
			name = Debug;
		};
		955CD960271DD51D0041BA21 /* Release */ = {
			isa = XCBuildConfiguration;
			buildSettings = {
				ALWAYS_SEARCH_USER_PATHS = NO;
				CLANG_ANALYZER_NONNULL = YES;
				CLANG_ANALYZER_NUMBER_OBJECT_CONVERSION = YES_AGGRESSIVE;
				CLANG_CXX_LANGUAGE_STANDARD = "gnu++14";
				CLANG_CXX_LIBRARY = "libc++";
				CLANG_ENABLE_MODULES = YES;
				CLANG_ENABLE_OBJC_ARC = YES;
				CLANG_ENABLE_OBJC_WEAK = YES;
				CLANG_WARN_BLOCK_CAPTURE_AUTORELEASING = YES;
				CLANG_WARN_BOOL_CONVERSION = YES;
				CLANG_WARN_COMMA = YES;
				CLANG_WARN_CONSTANT_CONVERSION = YES;
				CLANG_WARN_DEPRECATED_OBJC_IMPLEMENTATIONS = YES;
				CLANG_WARN_DIRECT_OBJC_ISA_USAGE = YES_ERROR;
				CLANG_WARN_DOCUMENTATION_COMMENTS = YES;
				CLANG_WARN_EMPTY_BODY = YES;
				CLANG_WARN_ENUM_CONVERSION = YES;
				CLANG_WARN_INFINITE_RECURSION = YES;
				CLANG_WARN_INT_CONVERSION = YES;
				CLANG_WARN_NON_LITERAL_NULL_CONVERSION = YES;
				CLANG_WARN_OBJC_IMPLICIT_RETAIN_SELF = YES;
				CLANG_WARN_OBJC_LITERAL_CONVERSION = YES;
				CLANG_WARN_OBJC_ROOT_CLASS = YES_ERROR;
				CLANG_WARN_QUOTED_INCLUDE_IN_FRAMEWORK_HEADER = YES;
				CLANG_WARN_RANGE_LOOP_ANALYSIS = YES;
				CLANG_WARN_STRICT_PROTOTYPES = YES;
				CLANG_WARN_SUSPICIOUS_MOVE = YES;
				CLANG_WARN_UNGUARDED_AVAILABILITY = YES_AGGRESSIVE;
				CLANG_WARN_UNREACHABLE_CODE = YES;
				CLANG_WARN__DUPLICATE_METHOD_MATCH = YES;
				COPY_PHASE_STRIP = NO;
				DEBUG_INFORMATION_FORMAT = "dwarf-with-dsym";
				ENABLE_NS_ASSERTIONS = NO;
				ENABLE_STRICT_OBJC_MSGSEND = YES;
				GCC_C_LANGUAGE_STANDARD = gnu11;
				GCC_NO_COMMON_BLOCKS = YES;
				GCC_WARN_64_TO_32_BIT_CONVERSION = YES;
				GCC_WARN_ABOUT_RETURN_TYPE = YES_ERROR;
				GCC_WARN_UNDECLARED_SELECTOR = YES;
				GCC_WARN_UNINITIALIZED_AUTOS = YES_AGGRESSIVE;
				GCC_WARN_UNUSED_FUNCTION = YES;
				GCC_WARN_UNUSED_VARIABLE = YES;
				INFOPLIST_FILE = EBSInternshipApp/Info.plist;
				IPHONEOS_DEPLOYMENT_TARGET = 14.4;
				MTL_ENABLE_DEBUG_INFO = NO;
				MTL_FAST_MATH = YES;
				SDKROOT = iphoneos;
				SWIFT_COMPILATION_MODE = wholemodule;
				SWIFT_OPTIMIZATION_LEVEL = "-O";
				VALIDATE_PRODUCT = YES;
			};
			name = Release;
		};
		955CD962271DD51D0041BA21 /* Debug */ = {
			isa = XCBuildConfiguration;
			buildSettings = {
				ASSETCATALOG_COMPILER_APPICON_NAME = AppIcon;
				ASSETCATALOG_COMPILER_GLOBAL_ACCENT_COLOR_NAME = AccentColor;
				CODE_SIGN_STYLE = Automatic;
				DEVELOPMENT_TEAM = RCVXPGDMB3;
				"INFOPLIST_FILE[sdk=*]" = EBSInternshipApp/Info.plist;
				LD_RUNPATH_SEARCH_PATHS = (
					"$(inherited)",
					"@executable_path/Frameworks",
				);
				PRODUCT_BUNDLE_IDENTIFIER = AndreiRauh.EBSInternshipApp;
				PRODUCT_NAME = "$(TARGET_NAME)";
				SWIFT_VERSION = 5.0;
				TARGETED_DEVICE_FAMILY = 1;
			};
			name = Debug;
		};
		955CD963271DD51D0041BA21 /* Release */ = {
			isa = XCBuildConfiguration;
			buildSettings = {
				ASSETCATALOG_COMPILER_APPICON_NAME = AppIcon;
				ASSETCATALOG_COMPILER_GLOBAL_ACCENT_COLOR_NAME = AccentColor;
				CODE_SIGN_STYLE = Automatic;
				DEVELOPMENT_TEAM = RCVXPGDMB3;
				"INFOPLIST_FILE[sdk=*]" = EBSInternshipApp/Info.plist;
				LD_RUNPATH_SEARCH_PATHS = (
					"$(inherited)",
					"@executable_path/Frameworks",
				);
				PRODUCT_BUNDLE_IDENTIFIER = AndreiRauh.EBSInternshipApp;
				PRODUCT_NAME = "$(TARGET_NAME)";
				SWIFT_VERSION = 5.0;
				TARGETED_DEVICE_FAMILY = 1;
			};
			name = Release;
		};
/* End XCBuildConfiguration section */

/* Begin XCConfigurationList section */
		955CD948271DD51B0041BA21 /* Build configuration list for PBXProject "EBSInternshipApp" */ = {
			isa = XCConfigurationList;
			buildConfigurations = (
				955CD95F271DD51D0041BA21 /* Debug */,
				955CD960271DD51D0041BA21 /* Release */,
			);
			defaultConfigurationIsVisible = 0;
			defaultConfigurationName = Release;
		};
		955CD961271DD51D0041BA21 /* Build configuration list for PBXNativeTarget "EBSInternshipApp" */ = {
			isa = XCConfigurationList;
			buildConfigurations = (
				955CD962271DD51D0041BA21 /* Debug */,
				955CD963271DD51D0041BA21 /* Release */,
			);
			defaultConfigurationIsVisible = 0;
			defaultConfigurationName = Release;
		};
/* End XCConfigurationList section */
	};
	rootObject = 955CD945271DD51B0041BA21 /* Project object */;
}
